// !$*UTF8*$!
{
	archiveVersion = 1;
	classes = {
	};
	objectVersion = 56;
	objects = {

/* Begin PBXBuildFile section */
		BE8B9ED32954421D00EA0DF1 /* CompositePatternExampleApp.swift in Sources */ = {isa = PBXBuildFile; fileRef = BE8B9ED22954421D00EA0DF1 /* CompositePatternExampleApp.swift */; };
		BE8B9ED52954421D00EA0DF1 /* ContentView.swift in Sources */ = {isa = PBXBuildFile; fileRef = BE8B9ED42954421D00EA0DF1 /* ContentView.swift */; };
		BE8B9ED72954421F00EA0DF1 /* Assets.xcassets in Resources */ = {isa = PBXBuildFile; fileRef = BE8B9ED62954421F00EA0DF1 /* Assets.xcassets */; };
		BE8B9EDB2954421F00EA0DF1 /* Preview Assets.xcassets in Resources */ = {isa = PBXBuildFile; fileRef = BE8B9EDA2954421F00EA0DF1 /* Preview Assets.xcassets */; };
		BE8B9EE3295442D300EA0DF1 /* Domain in Frameworks */ = {isa = PBXBuildFile; productRef = BE8B9EE2295442D300EA0DF1 /* Domain */; };
		BE8B9EE5295442D600EA0DF1 /* Networking in Frameworks */ = {isa = PBXBuildFile; productRef = BE8B9EE4295442D600EA0DF1 /* Networking */; };
		BE8B9EE8295446AB00EA0DF1 /* UIComposer.swift in Sources */ = {isa = PBXBuildFile; fileRef = BE8B9EE7295446AB00EA0DF1 /* UIComposer.swift */; };
		BE8B9EEA295446BB00EA0DF1 /* ViewModel.swift in Sources */ = {isa = PBXBuildFile; fileRef = BE8B9EE9295446BB00EA0DF1 /* ViewModel.swift */; };
		BE8B9EEC2954472000EA0DF1 /* ImageLoaderWithFallbackComposite in Frameworks */ = {isa = PBXBuildFile; productRef = BE8B9EEB2954472000EA0DF1 /* ImageLoaderWithFallbackComposite */; };
/* End PBXBuildFile section */

/* Begin PBXFileReference section */
		BE8B9ECF2954421D00EA0DF1 /* CompositePatternExample.app */ = {isa = PBXFileReference; explicitFileType = wrapper.application; includeInIndex = 0; path = CompositePatternExample.app; sourceTree = BUILT_PRODUCTS_DIR; };
		BE8B9ED22954421D00EA0DF1 /* CompositePatternExampleApp.swift */ = {isa = PBXFileReference; lastKnownFileType = sourcecode.swift; path = CompositePatternExampleApp.swift; sourceTree = "<group>"; };
		BE8B9ED42954421D00EA0DF1 /* ContentView.swift */ = {isa = PBXFileReference; lastKnownFileType = sourcecode.swift; path = ContentView.swift; sourceTree = "<group>"; };
		BE8B9ED62954421F00EA0DF1 /* Assets.xcassets */ = {isa = PBXFileReference; lastKnownFileType = folder.assetcatalog; path = Assets.xcassets; sourceTree = "<group>"; };
		BE8B9ED82954421F00EA0DF1 /* CompositePatternExample.entitlements */ = {isa = PBXFileReference; lastKnownFileType = text.plist.entitlements; path = CompositePatternExample.entitlements; sourceTree = "<group>"; };
		BE8B9EDA2954421F00EA0DF1 /* Preview Assets.xcassets */ = {isa = PBXFileReference; lastKnownFileType = folder.assetcatalog; path = "Preview Assets.xcassets"; sourceTree = "<group>"; };
		BE8B9EE7295446AB00EA0DF1 /* UIComposer.swift */ = {isa = PBXFileReference; lastKnownFileType = sourcecode.swift; path = UIComposer.swift; sourceTree = "<group>"; };
		BE8B9EE9295446BB00EA0DF1 /* ViewModel.swift */ = {isa = PBXFileReference; lastKnownFileType = sourcecode.swift; path = ViewModel.swift; sourceTree = "<group>"; };
/* End PBXFileReference section */

/* Begin PBXFrameworksBuildPhase section */
		BE8B9ECC2954421D00EA0DF1 /* Frameworks */ = {
			isa = PBXFrameworksBuildPhase;
			buildActionMask = 2147483647;
			files = (
				BE8B9EE5295442D600EA0DF1 /* Networking in Frameworks */,
				BE8B9EEC2954472000EA0DF1 /* ImageLoaderWithFallbackComposite in Frameworks */,
				BE8B9EE3295442D300EA0DF1 /* Domain in Frameworks */,
			);
			runOnlyForDeploymentPostprocessing = 0;
		};
/* End PBXFrameworksBuildPhase section */

/* Begin PBXGroup section */
		BE8B9EC62954421D00EA0DF1 = {
			isa = PBXGroup;
			children = (
				BE8B9ED12954421D00EA0DF1 /* CompositePatternExample */,
				BE8B9ED02954421D00EA0DF1 /* Products */,
				BE8B9EE1295442D300EA0DF1 /* Frameworks */,
			);
			sourceTree = "<group>";
		};
		BE8B9ED02954421D00EA0DF1 /* Products */ = {
			isa = PBXGroup;
			children = (
				BE8B9ECF2954421D00EA0DF1 /* CompositePatternExample.app */,
			);
			name = Products;
			sourceTree = "<group>";
		};
		BE8B9ED12954421D00EA0DF1 /* CompositePatternExample */ = {
			isa = PBXGroup;
			children = (
				BE8B9EE62954468F00EA0DF1 /* ViewModel */,
				BE8B9ED22954421D00EA0DF1 /* CompositePatternExampleApp.swift */,
				BE8B9ED42954421D00EA0DF1 /* ContentView.swift */,
				BE8B9ED62954421F00EA0DF1 /* Assets.xcassets */,
				BE8B9ED82954421F00EA0DF1 /* CompositePatternExample.entitlements */,
				BE8B9ED92954421F00EA0DF1 /* Preview Content */,
			);
			path = CompositePatternExample;
			sourceTree = "<group>";
		};
		BE8B9ED92954421F00EA0DF1 /* Preview Content */ = {
			isa = PBXGroup;
			children = (
				BE8B9EDA2954421F00EA0DF1 /* Preview Assets.xcassets */,
			);
			path = "Preview Content";
			sourceTree = "<group>";
		};
		BE8B9EE1295442D300EA0DF1 /* Frameworks */ = {
			isa = PBXGroup;
			children = (
			);
			name = Frameworks;
			sourceTree = "<group>";
		};
		BE8B9EE62954468F00EA0DF1 /* ViewModel */ = {
			isa = PBXGroup;
			children = (
				BE8B9EE7295446AB00EA0DF1 /* UIComposer.swift */,
				BE8B9EE9295446BB00EA0DF1 /* ViewModel.swift */,
			);
			path = ViewModel;
			sourceTree = "<group>";
		};
/* End PBXGroup section */

/* Begin PBXNativeTarget section */
		BE8B9ECE2954421D00EA0DF1 /* CompositePatternExample */ = {
			isa = PBXNativeTarget;
			buildConfigurationList = BE8B9EDE2954421F00EA0DF1 /* Build configuration list for PBXNativeTarget "CompositePatternExample" */;
			buildPhases = (
				BE8B9ECB2954421D00EA0DF1 /* Sources */,
				BE8B9ECC2954421D00EA0DF1 /* Frameworks */,
				BE8B9ECD2954421D00EA0DF1 /* Resources */,
			);
			buildRules = (
			);
			dependencies = (
			);
			name = CompositePatternExample;
			packageProductDependencies = (
				BE8B9EE2295442D300EA0DF1 /* Domain */,
				BE8B9EE4295442D600EA0DF1 /* Networking */,
				BE8B9EEB2954472000EA0DF1 /* ImageLoaderWithFallbackComposite */,
			);
			productName = CompositePatternExample;
			productReference = BE8B9ECF2954421D00EA0DF1 /* CompositePatternExample.app */;
			productType = "com.apple.product-type.application";
		};
/* End PBXNativeTarget section */

/* Begin PBXProject section */
		BE8B9EC72954421D00EA0DF1 /* Project object */ = {
			isa = PBXProject;
			attributes = {
				BuildIndependentTargetsInParallel = 1;
				LastSwiftUpdateCheck = 1420;
				LastUpgradeCheck = 1420;
				TargetAttributes = {
					BE8B9ECE2954421D00EA0DF1 = {
						CreatedOnToolsVersion = 14.2;
					};
				};
			};
			buildConfigurationList = BE8B9ECA2954421D00EA0DF1 /* Build configuration list for PBXProject "CompositePatternExample" */;
			compatibilityVersion = "Xcode 14.0";
			developmentRegion = en;
			hasScannedForEncodings = 0;
			knownRegions = (
				en,
				Base,
			);
			mainGroup = BE8B9EC62954421D00EA0DF1;
			productRefGroup = BE8B9ED02954421D00EA0DF1 /* Products */;
			projectDirPath = "";
			projectRoot = "";
			targets = (
				BE8B9ECE2954421D00EA0DF1 /* CompositePatternExample */,
			);
		};
/* End PBXProject section */

/* Begin PBXResourcesBuildPhase section */
		BE8B9ECD2954421D00EA0DF1 /* Resources */ = {
			isa = PBXResourcesBuildPhase;
			buildActionMask = 2147483647;
			files = (
				BE8B9EDB2954421F00EA0DF1 /* Preview Assets.xcassets in Resources */,
				BE8B9ED72954421F00EA0DF1 /* Assets.xcassets in Resources */,
			);
			runOnlyForDeploymentPostprocessing = 0;
		};
/* End PBXResourcesBuildPhase section */

/* Begin PBXSourcesBuildPhase section */
		BE8B9ECB2954421D00EA0DF1 /* Sources */ = {
			isa = PBXSourcesBuildPhase;
			buildActionMask = 2147483647;
			files = (
				BE8B9ED52954421D00EA0DF1 /* ContentView.swift in Sources */,
				BE8B9EE8295446AB00EA0DF1 /* UIComposer.swift in Sources */,
				BE8B9EEA295446BB00EA0DF1 /* ViewModel.swift in Sources */,
				BE8B9ED32954421D00EA0DF1 /* CompositePatternExampleApp.swift in Sources */,
			);
			runOnlyForDeploymentPostprocessing = 0;
		};
/* End PBXSourcesBuildPhase section */

/* Begin XCBuildConfiguration section */
		BE8B9EDC2954421F00EA0DF1 /* Debug */ = {
			isa = XCBuildConfiguration;
			buildSettings = {
				ALWAYS_SEARCH_USER_PATHS = NO;
				CLANG_ANALYZER_NONNULL = YES;
				CLANG_ANALYZER_NUMBER_OBJECT_CONVERSION = YES_AGGRESSIVE;
				CLANG_CXX_LANGUAGE_STANDARD = "gnu++20";
				CLANG_ENABLE_MODULES = YES;
				CLANG_ENABLE_OBJC_ARC = YES;
				CLANG_ENABLE_OBJC_WEAK = YES;
				CLANG_WARN_BLOCK_CAPTURE_AUTORELEASING = YES;
				CLANG_WARN_BOOL_CONVERSION = YES;
				CLANG_WARN_COMMA = YES;
				CLANG_WARN_CONSTANT_CONVERSION = YES;
				CLANG_WARN_DEPRECATED_OBJC_IMPLEMENTATIONS = YES;
				CLANG_WARN_DIRECT_OBJC_ISA_USAGE = YES_ERROR;
				CLANG_WARN_DOCUMENTATION_COMMENTS = YES;
				CLANG_WARN_EMPTY_BODY = YES;
				CLANG_WARN_ENUM_CONVERSION = YES;
				CLANG_WARN_INFINITE_RECURSION = YES;
				CLANG_WARN_INT_CONVERSION = YES;
				CLANG_WARN_NON_LITERAL_NULL_CONVERSION = YES;
				CLANG_WARN_OBJC_IMPLICIT_RETAIN_SELF = YES;
				CLANG_WARN_OBJC_LITERAL_CONVERSION = YES;
				CLANG_WARN_OBJC_ROOT_CLASS = YES_ERROR;
				CLANG_WARN_QUOTED_INCLUDE_IN_FRAMEWORK_HEADER = YES;
				CLANG_WARN_RANGE_LOOP_ANALYSIS = YES;
				CLANG_WARN_STRICT_PROTOTYPES = YES;
				CLANG_WARN_SUSPICIOUS_MOVE = YES;
				CLANG_WARN_UNGUARDED_AVAILABILITY = YES_AGGRESSIVE;
				CLANG_WARN_UNREACHABLE_CODE = YES;
				CLANG_WARN__DUPLICATE_METHOD_MATCH = YES;
				COPY_PHASE_STRIP = NO;
				DEBUG_INFORMATION_FORMAT = dwarf;
				ENABLE_STRICT_OBJC_MSGSEND = YES;
				ENABLE_TESTABILITY = YES;
				GCC_C_LANGUAGE_STANDARD = gnu11;
				GCC_DYNAMIC_NO_PIC = NO;
				GCC_NO_COMMON_BLOCKS = YES;
				GCC_OPTIMIZATION_LEVEL = 0;
				GCC_PREPROCESSOR_DEFINITIONS = (
					"DEBUG=1",
					"$(inherited)",
				);
				GCC_WARN_64_TO_32_BIT_CONVERSION = YES;
				GCC_WARN_ABOUT_RETURN_TYPE = YES_ERROR;
				GCC_WARN_UNDECLARED_SELECTOR = YES;
				GCC_WARN_UNINITIALIZED_AUTOS = YES_AGGRESSIVE;
				GCC_WARN_UNUSED_FUNCTION = YES;
				GCC_WARN_UNUSED_VARIABLE = YES;
				MTL_ENABLE_DEBUG_INFO = INCLUDE_SOURCE;
				MTL_FAST_MATH = YES;
				ONLY_ACTIVE_ARCH = YES;
				SWIFT_ACTIVE_COMPILATION_CONDITIONS = DEBUG;
				SWIFT_OPTIMIZATION_LEVEL = "-Onone";
			};
			name = Debug;
		};
		BE8B9EDD2954421F00EA0DF1 /* Release */ = {
			isa = XCBuildConfiguration;
			buildSettings = {
				ALWAYS_SEARCH_USER_PATHS = NO;
				CLANG_ANALYZER_NONNULL = YES;
				CLANG_ANALYZER_NUMBER_OBJECT_CONVERSION = YES_AGGRESSIVE;
				CLANG_CXX_LANGUAGE_STANDARD = "gnu++20";
				CLANG_ENABLE_MODULES = YES;
				CLANG_ENABLE_OBJC_ARC = YES;
				CLANG_ENABLE_OBJC_WEAK = YES;
				CLANG_WARN_BLOCK_CAPTURE_AUTORELEASING = YES;
				CLANG_WARN_BOOL_CONVERSION = YES;
				CLANG_WARN_COMMA = YES;
				CLANG_WARN_CONSTANT_CONVERSION = YES;
				CLANG_WARN_DEPRECATED_OBJC_IMPLEMENTATIONS = YES;
				CLANG_WARN_DIRECT_OBJC_ISA_USAGE = YES_ERROR;
				CLANG_WARN_DOCUMENTATION_COMMENTS = YES;
				CLANG_WARN_EMPTY_BODY = YES;
				CLANG_WARN_ENUM_CONVERSION = YES;
				CLANG_WARN_INFINITE_RECURSION = YES;
				CLANG_WARN_INT_CONVERSION = YES;
				CLANG_WARN_NON_LITERAL_NULL_CONVERSION = YES;
				CLANG_WARN_OBJC_IMPLICIT_RETAIN_SELF = YES;
				CLANG_WARN_OBJC_LITERAL_CONVERSION = YES;
				CLANG_WARN_OBJC_ROOT_CLASS = YES_ERROR;
				CLANG_WARN_QUOTED_INCLUDE_IN_FRAMEWORK_HEADER = YES;
				CLANG_WARN_RANGE_LOOP_ANALYSIS = YES;
				CLANG_WARN_STRICT_PROTOTYPES = YES;
				CLANG_WARN_SUSPICIOUS_MOVE = YES;
				CLANG_WARN_UNGUARDED_AVAILABILITY = YES_AGGRESSIVE;
				CLANG_WARN_UNREACHABLE_CODE = YES;
				CLANG_WARN__DUPLICATE_METHOD_MATCH = YES;
				COPY_PHASE_STRIP = NO;
				DEBUG_INFORMATION_FORMAT = "dwarf-with-dsym";
				ENABLE_NS_ASSERTIONS = NO;
				ENABLE_STRICT_OBJC_MSGSEND = YES;
				GCC_C_LANGUAGE_STANDARD = gnu11;
				GCC_NO_COMMON_BLOCKS = YES;
				GCC_WARN_64_TO_32_BIT_CONVERSION = YES;
				GCC_WARN_ABOUT_RETURN_TYPE = YES_ERROR;
				GCC_WARN_UNDECLARED_SELECTOR = YES;
				GCC_WARN_UNINITIALIZED_AUTOS = YES_AGGRESSIVE;
				GCC_WARN_UNUSED_FUNCTION = YES;
				GCC_WARN_UNUSED_VARIABLE = YES;
				MTL_ENABLE_DEBUG_INFO = NO;
				MTL_FAST_MATH = YES;
				SWIFT_COMPILATION_MODE = wholemodule;
				SWIFT_OPTIMIZATION_LEVEL = "-O";
			};
			name = Release;
		};
		BE8B9EDF2954421F00EA0DF1 /* Debug */ = {
			isa = XCBuildConfiguration;
			buildSettings = {
				ASSETCATALOG_COMPILER_APPICON_NAME = AppIcon;
				ASSETCATALOG_COMPILER_GLOBAL_ACCENT_COLOR_NAME = AccentColor;
				CODE_SIGN_ENTITLEMENTS = CompositePatternExample/CompositePatternExample.entitlements;
				CODE_SIGN_STYLE = Automatic;
				CURRENT_PROJECT_VERSION = 1;
				DEVELOPMENT_ASSET_PATHS = "\"CompositePatternExample/Preview Content\"";
				ENABLE_PREVIEWS = YES;
				GENERATE_INFOPLIST_FILE = YES;
				"INFOPLIST_KEY_UIApplicationSceneManifest_Generation[sdk=iphoneos*]" = YES;
				"INFOPLIST_KEY_UIApplicationSceneManifest_Generation[sdk=iphonesimulator*]" = YES;
				"INFOPLIST_KEY_UIApplicationSupportsIndirectInputEvents[sdk=iphoneos*]" = YES;
				"INFOPLIST_KEY_UIApplicationSupportsIndirectInputEvents[sdk=iphonesimulator*]" = YES;
				"INFOPLIST_KEY_UILaunchScreen_Generation[sdk=iphoneos*]" = YES;
				"INFOPLIST_KEY_UILaunchScreen_Generation[sdk=iphonesimulator*]" = YES;
				"INFOPLIST_KEY_UIStatusBarStyle[sdk=iphoneos*]" = UIStatusBarStyleDefault;
				"INFOPLIST_KEY_UIStatusBarStyle[sdk=iphonesimulator*]" = UIStatusBarStyleDefault;
				INFOPLIST_KEY_UISupportedInterfaceOrientations = UIInterfaceOrientationPortrait;
				IPHONEOS_DEPLOYMENT_TARGET = 15.0;
				LD_RUNPATH_SEARCH_PATHS = "@executable_path/Frameworks";
				"LD_RUNPATH_SEARCH_PATHS[sdk=macosx*]" = "@executable_path/../Frameworks";
				MACOSX_DEPLOYMENT_TARGET = 13.1;
				MARKETING_VERSION = 1.0;
				PRODUCT_BUNDLE_IDENTIFIER = com.gharary.CompositePatternExample;
				PRODUCT_NAME = "$(TARGET_NAME)";
				SDKROOT = auto;
				SUPPORTED_PLATFORMS = "iphoneos iphonesimulator macosx";
				SWIFT_EMIT_LOC_STRINGS = YES;
				SWIFT_VERSION = 5.0;
				TARGETED_DEVICE_FAMILY = "1,2";
			};
			name = Debug;
		};
		BE8B9EE02954421F00EA0DF1 /* Release */ = {
			isa = XCBuildConfiguration;
			buildSettings = {
				ASSETCATALOG_COMPILER_APPICON_NAME = AppIcon;
				ASSETCATALOG_COMPILER_GLOBAL_ACCENT_COLOR_NAME = AccentColor;
				CODE_SIGN_ENTITLEMENTS = CompositePatternExample/CompositePatternExample.entitlements;
				CODE_SIGN_STYLE = Automatic;
				CURRENT_PROJECT_VERSION = 1;
				DEVELOPMENT_ASSET_PATHS = "\"CompositePatternExample/Preview Content\"";
				ENABLE_PREVIEWS = YES;
				GENERATE_INFOPLIST_FILE = YES;
				"INFOPLIST_KEY_UIApplicationSceneManifest_Generation[sdk=iphoneos*]" = YES;
				"INFOPLIST_KEY_UIApplicationSceneManifest_Generation[sdk=iphonesimulator*]" = YES;
				"INFOPLIST_KEY_UIApplicationSupportsIndirectInputEvents[sdk=iphoneos*]" = YES;
				"INFOPLIST_KEY_UIApplicationSupportsIndirectInputEvents[sdk=iphonesimulator*]" = YES;
				"INFOPLIST_KEY_UILaunchScreen_Generation[sdk=iphoneos*]" = YES;
				"INFOPLIST_KEY_UILaunchScreen_Generation[sdk=iphonesimulator*]" = YES;
				"INFOPLIST_KEY_UIStatusBarStyle[sdk=iphoneos*]" = UIStatusBarStyleDefault;
				"INFOPLIST_KEY_UIStatusBarStyle[sdk=iphonesimulator*]" = UIStatusBarStyleDefault;
				INFOPLIST_KEY_UISupportedInterfaceOrientations = UIInterfaceOrientationPortrait;
				IPHONEOS_DEPLOYMENT_TARGET = 15.0;
				LD_RUNPATH_SEARCH_PATHS = "@executable_path/Frameworks";
				"LD_RUNPATH_SEARCH_PATHS[sdk=macosx*]" = "@executable_path/../Frameworks";
				MACOSX_DEPLOYMENT_TARGET = 13.1;
				MARKETING_VERSION = 1.0;
				PRODUCT_BUNDLE_IDENTIFIER = com.gharary.CompositePatternExample;
				PRODUCT_NAME = "$(TARGET_NAME)";
				SDKROOT = auto;
				SUPPORTED_PLATFORMS = "iphoneos iphonesimulator macosx";
				SWIFT_EMIT_LOC_STRINGS = YES;
				SWIFT_VERSION = 5.0;
				TARGETED_DEVICE_FAMILY = "1,2";
			};
			name = Release;
		};
/* End XCBuildConfiguration section */

/* Begin XCConfigurationList section */
		BE8B9ECA2954421D00EA0DF1 /* Build configuration list for PBXProject "CompositePatternExample" */ = {
			isa = XCConfigurationList;
			buildConfigurations = (
				BE8B9EDC2954421F00EA0DF1 /* Debug */,
				BE8B9EDD2954421F00EA0DF1 /* Release */,
			);
			defaultConfigurationIsVisible = 0;
			defaultConfigurationName = Release;
		};
		BE8B9EDE2954421F00EA0DF1 /* Build configuration list for PBXNativeTarget "CompositePatternExample" */ = {
			isa = XCConfigurationList;
			buildConfigurations = (
				BE8B9EDF2954421F00EA0DF1 /* Debug */,
				BE8B9EE02954421F00EA0DF1 /* Release */,
			);
			defaultConfigurationIsVisible = 0;
			defaultConfigurationName = Release;
		};
/* End XCConfigurationList section */

/* Begin XCSwiftPackageProductDependency section */
		BE8B9EE2295442D300EA0DF1 /* Domain */ = {
			isa = XCSwiftPackageProductDependency;
			productName = Domain;
		};
		BE8B9EE4295442D600EA0DF1 /* Networking */ = {
			isa = XCSwiftPackageProductDependency;
			productName = Networking;
		};
		BE8B9EEB2954472000EA0DF1 /* ImageLoaderWithFallbackComposite */ = {
			isa = XCSwiftPackageProductDependency;
			productName = ImageLoaderWithFallbackComposite;
		};
/* End XCSwiftPackageProductDependency section */
	};
	rootObject = BE8B9EC72954421D00EA0DF1 /* Project object */;
}
